// !$*UTF8*$!
{
	archiveVersion = 1;
	classes = {
	};
	objectVersion = 48;
	objects = {

/* Begin PBXBuildFile section */
		61C965B99A220BD5BEE7A3B9 /* libPods-FactObjectiveUITests.a in Frameworks */ = {isa = PBXBuildFile; fileRef = 9492E1EF2DD21D87B69BBA72 /* libPods-FactObjectiveUITests.a */; };
		AA85AD286A5443829CFA7209 /* libPods-FactObjectiveTests.a in Frameworks */ = {isa = PBXBuildFile; fileRef = BCAB38632EA2CA03D1D8629F /* libPods-FactObjectiveTests.a */; };
		C42612A41FC458B500C6D2CE /* NSString+Additions.m in Sources */ = {isa = PBXBuildFile; fileRef = C42612A01FC451CE00C6D2CE /* NSString+Additions.m */; };
		C42612AF1FC4607D00C6D2CE /* SystemConfiguration.framework in Frameworks */ = {isa = PBXBuildFile; fileRef = C42612A81FC45DBD00C6D2CE /* SystemConfiguration.framework */; };
		C46B0D751FC429F5004743D9 /* FactObjectiveTests.m in Sources */ = {isa = PBXBuildFile; fileRef = C46B0D741FC429F5004743D9 /* FactObjectiveTests.m */; };
		C46B0D801FC429F5004743D9 /* FactObjectiveUITests.m in Sources */ = {isa = PBXBuildFile; fileRef = C46B0D7F1FC429F5004743D9 /* FactObjectiveUITests.m */; };
		C46B0D9E1FC42B06004743D9 /* Assets.xcassets in Resources */ = {isa = PBXBuildFile; fileRef = C46B0D911FC42B05004743D9 /* Assets.xcassets */; };
		C46B0DA21FC42B06004743D9 /* AppDelegate.m in Sources */ = {isa = PBXBuildFile; fileRef = C46B0D9A1FC42B05004743D9 /* AppDelegate.m */; };
		C46B0DA31FC42B06004743D9 /* main.m in Sources */ = {isa = PBXBuildFile; fileRef = C46B0D9B1FC42B05004743D9 /* main.m */; };
		C46B0DA61FC42C9C004743D9 /* FactsListViewController.m in Sources */ = {isa = PBXBuildFile; fileRef = C46B0DA51FC42C9C004743D9 /* FactsListViewController.m */; };
		E2B715CEDCAFD97E788B4E2A /* libPods-FactObjective.a in Frameworks */ = {isa = PBXBuildFile; fileRef = 8A9C5FA121325712BDAB8A45 /* libPods-FactObjective.a */; };
/* End PBXBuildFile section */

/* Begin PBXContainerItemProxy section */
		C46B0D711FC429F5004743D9 /* PBXContainerItemProxy */ = {
			isa = PBXContainerItemProxy;
			containerPortal = C46B0D501FC429F5004743D9 /* Project object */;
			proxyType = 1;
			remoteGlobalIDString = C46B0D571FC429F5004743D9;
			remoteInfo = FactObjective;
		};
		C46B0D7C1FC429F5004743D9 /* PBXContainerItemProxy */ = {
			isa = PBXContainerItemProxy;
			containerPortal = C46B0D501FC429F5004743D9 /* Project object */;
			proxyType = 1;
			remoteGlobalIDString = C46B0D571FC429F5004743D9;
			remoteInfo = FactObjective;
		};
/* End PBXContainerItemProxy section */

/* Begin PBXFileReference section */
		298A18142E0774767DA2F8D7 /* Pods-FactObjectiveUITests.debug.xcconfig */ = {isa = PBXFileReference; includeInIndex = 1; lastKnownFileType = text.xcconfig; name = "Pods-FactObjectiveUITests.debug.xcconfig"; path = "Pods/Target Support Files/Pods-FactObjectiveUITests/Pods-FactObjectiveUITests.debug.xcconfig"; sourceTree = "<group>"; };
		5F040BD94529258346E66B47 /* Pods-FactObjective.debug.xcconfig */ = {isa = PBXFileReference; includeInIndex = 1; lastKnownFileType = text.xcconfig; name = "Pods-FactObjective.debug.xcconfig"; path = "Pods/Target Support Files/Pods-FactObjective/Pods-FactObjective.debug.xcconfig"; sourceTree = "<group>"; };
		63998DCC47F6DC1226966E34 /* Pods-FactObjective.release.xcconfig */ = {isa = PBXFileReference; includeInIndex = 1; lastKnownFileType = text.xcconfig; name = "Pods-FactObjective.release.xcconfig"; path = "Pods/Target Support Files/Pods-FactObjective/Pods-FactObjective.release.xcconfig"; sourceTree = "<group>"; };
		8A9C5FA121325712BDAB8A45 /* libPods-FactObjective.a */ = {isa = PBXFileReference; explicitFileType = archive.ar; includeInIndex = 0; path = "libPods-FactObjective.a"; sourceTree = BUILT_PRODUCTS_DIR; };
		9492E1EF2DD21D87B69BBA72 /* libPods-FactObjectiveUITests.a */ = {isa = PBXFileReference; explicitFileType = archive.ar; includeInIndex = 0; path = "libPods-FactObjectiveUITests.a"; sourceTree = BUILT_PRODUCTS_DIR; };
		A7B554B5D0ADD326DAB2C293 /* Pods-FactObjectiveTests.release.xcconfig */ = {isa = PBXFileReference; includeInIndex = 1; lastKnownFileType = text.xcconfig; name = "Pods-FactObjectiveTests.release.xcconfig"; path = "Pods/Target Support Files/Pods-FactObjectiveTests/Pods-FactObjectiveTests.release.xcconfig"; sourceTree = "<group>"; };
		BCAB38632EA2CA03D1D8629F /* libPods-FactObjectiveTests.a */ = {isa = PBXFileReference; explicitFileType = archive.ar; includeInIndex = 0; path = "libPods-FactObjectiveTests.a"; sourceTree = BUILT_PRODUCTS_DIR; };
		BDB4C171B902A16D38A41944 /* Pods-FactObjectiveTests.debug.xcconfig */ = {isa = PBXFileReference; includeInIndex = 1; lastKnownFileType = text.xcconfig; name = "Pods-FactObjectiveTests.debug.xcconfig"; path = "Pods/Target Support Files/Pods-FactObjectiveTests/Pods-FactObjectiveTests.debug.xcconfig"; sourceTree = "<group>"; };
		C426129F1FC451CE00C6D2CE /* NSString+Additions.h */ = {isa = PBXFileReference; lastKnownFileType = sourcecode.c.h; path = "NSString+Additions.h"; sourceTree = "<group>"; };
		C42612A01FC451CE00C6D2CE /* NSString+Additions.m */ = {isa = PBXFileReference; lastKnownFileType = sourcecode.c.objc; path = "NSString+Additions.m"; sourceTree = "<group>"; };
		C42612A81FC45DBD00C6D2CE /* SystemConfiguration.framework */ = {isa = PBXFileReference; lastKnownFileType = wrapper.framework; name = SystemConfiguration.framework; path = System/Library/Frameworks/SystemConfiguration.framework; sourceTree = SDKROOT; };
		C42612AA1FC45DCC00C6D2CE /* CFNetwork.framework */ = {isa = PBXFileReference; lastKnownFileType = wrapper.framework; name = CFNetwork.framework; path = System/Library/Frameworks/CFNetwork.framework; sourceTree = SDKROOT; };
		C42612AD1FC45F0B00C6D2CE /* Security.framework */ = {isa = PBXFileReference; lastKnownFileType = wrapper.framework; name = Security.framework; path = System/Library/Frameworks/Security.framework; sourceTree = SDKROOT; };
		C46B0D581FC429F5004743D9 /* FactObjective.app */ = {isa = PBXFileReference; explicitFileType = wrapper.application; includeInIndex = 0; path = FactObjective.app; sourceTree = BUILT_PRODUCTS_DIR; };
		C46B0D701FC429F5004743D9 /* FactObjectiveTests.xctest */ = {isa = PBXFileReference; explicitFileType = wrapper.cfbundle; includeInIndex = 0; path = FactObjectiveTests.xctest; sourceTree = BUILT_PRODUCTS_DIR; };
		C46B0D741FC429F5004743D9 /* FactObjectiveTests.m */ = {isa = PBXFileReference; lastKnownFileType = sourcecode.c.objc; path = FactObjectiveTests.m; sourceTree = "<group>"; };
		C46B0D761FC429F5004743D9 /* Info.plist */ = {isa = PBXFileReference; lastKnownFileType = text.plist.xml; path = Info.plist; sourceTree = "<group>"; };
		C46B0D7B1FC429F5004743D9 /* FactObjectiveUITests.xctest */ = {isa = PBXFileReference; explicitFileType = wrapper.cfbundle; includeInIndex = 0; path = FactObjectiveUITests.xctest; sourceTree = BUILT_PRODUCTS_DIR; };
		C46B0D7F1FC429F5004743D9 /* FactObjectiveUITests.m */ = {isa = PBXFileReference; lastKnownFileType = sourcecode.c.objc; path = FactObjectiveUITests.m; sourceTree = "<group>"; };
		C46B0D811FC429F5004743D9 /* Info.plist */ = {isa = PBXFileReference; lastKnownFileType = text.plist.xml; path = Info.plist; sourceTree = "<group>"; };
		C46B0D911FC42B05004743D9 /* Assets.xcassets */ = {isa = PBXFileReference; lastKnownFileType = folder.assetcatalog; path = Assets.xcassets; sourceTree = "<group>"; };
		C46B0D921FC42B05004743D9 /* Info.plist */ = {isa = PBXFileReference; fileEncoding = 4; lastKnownFileType = text.plist.xml; path = Info.plist; sourceTree = "<group>"; };
		C46B0D991FC42B05004743D9 /* AppDelegate.h */ = {isa = PBXFileReference; fileEncoding = 4; lastKnownFileType = sourcecode.c.h; path = AppDelegate.h; sourceTree = "<group>"; };
		C46B0D9A1FC42B05004743D9 /* AppDelegate.m */ = {isa = PBXFileReference; fileEncoding = 4; lastKnownFileType = sourcecode.c.objc; path = AppDelegate.m; sourceTree = "<group>"; };
		C46B0D9B1FC42B05004743D9 /* main.m */ = {isa = PBXFileReference; fileEncoding = 4; lastKnownFileType = sourcecode.c.objc; path = main.m; sourceTree = "<group>"; };
		C46B0DA41FC42C9C004743D9 /* FactsListViewController.h */ = {isa = PBXFileReference; lastKnownFileType = sourcecode.c.h; path = FactsListViewController.h; sourceTree = "<group>"; };
		C46B0DA51FC42C9C004743D9 /* FactsListViewController.m */ = {isa = PBXFileReference; lastKnownFileType = sourcecode.c.objc; path = FactsListViewController.m; sourceTree = "<group>"; };
		C46B0DA71FC43000004743D9 /* AppConstant.h */ = {isa = PBXFileReference; lastKnownFileType = sourcecode.c.h; path = AppConstant.h; sourceTree = "<group>"; };
		EED665203FFAA5FE70E777FB /* Pods-FactObjectiveUITests.release.xcconfig */ = {isa = PBXFileReference; includeInIndex = 1; lastKnownFileType = text.xcconfig; name = "Pods-FactObjectiveUITests.release.xcconfig"; path = "Pods/Target Support Files/Pods-FactObjectiveUITests/Pods-FactObjectiveUITests.release.xcconfig"; sourceTree = "<group>"; };
/* End PBXFileReference section */

/* Begin PBXFrameworksBuildPhase section */
		C46B0D551FC429F5004743D9 /* Frameworks */ = {
			isa = PBXFrameworksBuildPhase;
			buildActionMask = 2147483647;
			files = (
				C42612AF1FC4607D00C6D2CE /* SystemConfiguration.framework in Frameworks */,
				E2B715CEDCAFD97E788B4E2A /* libPods-FactObjective.a in Frameworks */,
			);
			runOnlyForDeploymentPostprocessing = 0;
		};
		C46B0D6D1FC429F5004743D9 /* Frameworks */ = {
			isa = PBXFrameworksBuildPhase;
			buildActionMask = 2147483647;
			files = (
				AA85AD286A5443829CFA7209 /* libPods-FactObjectiveTests.a in Frameworks */,
			);
			runOnlyForDeploymentPostprocessing = 0;
		};
		C46B0D781FC429F5004743D9 /* Frameworks */ = {
			isa = PBXFrameworksBuildPhase;
			buildActionMask = 2147483647;
			files = (
				61C965B99A220BD5BEE7A3B9 /* libPods-FactObjectiveUITests.a in Frameworks */,
			);
			runOnlyForDeploymentPostprocessing = 0;
		};
/* End PBXFrameworksBuildPhase section */

/* Begin PBXGroup section */
		4BEB4510CD64633E5A029DDB /* Frameworks */ = {
			isa = PBXGroup;
			children = (
				C42612AD1FC45F0B00C6D2CE /* Security.framework */,
				C42612AA1FC45DCC00C6D2CE /* CFNetwork.framework */,
				C42612A81FC45DBD00C6D2CE /* SystemConfiguration.framework */,
				8A9C5FA121325712BDAB8A45 /* libPods-FactObjective.a */,
				BCAB38632EA2CA03D1D8629F /* libPods-FactObjectiveTests.a */,
				9492E1EF2DD21D87B69BBA72 /* libPods-FactObjectiveUITests.a */,
			);
			name = Frameworks;
			sourceTree = "<group>";
		};
		B070136D2048780EFC5BE55A /* Pods */ = {
			isa = PBXGroup;
			children = (
				5F040BD94529258346E66B47 /* Pods-FactObjective.debug.xcconfig */,
				63998DCC47F6DC1226966E34 /* Pods-FactObjective.release.xcconfig */,
				BDB4C171B902A16D38A41944 /* Pods-FactObjectiveTests.debug.xcconfig */,
				A7B554B5D0ADD326DAB2C293 /* Pods-FactObjectiveTests.release.xcconfig */,
				298A18142E0774767DA2F8D7 /* Pods-FactObjectiveUITests.debug.xcconfig */,
				EED665203FFAA5FE70E777FB /* Pods-FactObjectiveUITests.release.xcconfig */,
			);
			name = Pods;
			sourceTree = "<group>";
		};
		C426129D1FC451CE00C6D2CE /* AppCustomControls */ = {
			isa = PBXGroup;
			children = (
				C426129E1FC451CE00C6D2CE /* Categories */,
			);
			path = AppCustomControls;
			sourceTree = "<group>";
		};
		C426129E1FC451CE00C6D2CE /* Categories */ = {
			isa = PBXGroup;
			children = (
				C426129F1FC451CE00C6D2CE /* NSString+Additions.h */,
				C42612A01FC451CE00C6D2CE /* NSString+Additions.m */,
			);
			path = Categories;
			sourceTree = "<group>";
		};
		C46B0D4F1FC429F5004743D9 = {
			isa = PBXGroup;
			children = (
				C46B0D5A1FC429F5004743D9 /* FactObjective */,
				C46B0D731FC429F5004743D9 /* FactObjectiveTests */,
				C46B0D7E1FC429F5004743D9 /* FactObjectiveUITests */,
				C46B0D591FC429F5004743D9 /* Products */,
				B070136D2048780EFC5BE55A /* Pods */,
				4BEB4510CD64633E5A029DDB /* Frameworks */,
			);
			sourceTree = "<group>";
		};
		C46B0D591FC429F5004743D9 /* Products */ = {
			isa = PBXGroup;
			children = (
				C46B0D581FC429F5004743D9 /* FactObjective.app */,
				C46B0D701FC429F5004743D9 /* FactObjectiveTests.xctest */,
				C46B0D7B1FC429F5004743D9 /* FactObjectiveUITests.xctest */,
			);
			name = Products;
			sourceTree = "<group>";
		};
		C46B0D5A1FC429F5004743D9 /* FactObjective */ = {
			isa = PBXGroup;
			children = (
				C426129D1FC451CE00C6D2CE /* AppCustomControls */,
				C46B0D9C1FC42B05004743D9 /* AppModels */,
				C46B0D901FC42B05004743D9 /* AppResources */,
				C46B0D8D1FC42B05004743D9 /* AppViewControllers */,
				C46B0D931FC42B05004743D9 /* AppViews */,
				C46B0D981FC42B05004743D9 /* AppClasses */,
			);
			path = FactObjective;
			sourceTree = "<group>";
		};
		C46B0D731FC429F5004743D9 /* FactObjectiveTests */ = {
			isa = PBXGroup;
			children = (
				C46B0D741FC429F5004743D9 /* FactObjectiveTests.m */,
				C46B0D761FC429F5004743D9 /* Info.plist */,
			);
			path = FactObjectiveTests;
			sourceTree = "<group>";
		};
		C46B0D7E1FC429F5004743D9 /* FactObjectiveUITests */ = {
			isa = PBXGroup;
			children = (
				C46B0D7F1FC429F5004743D9 /* FactObjectiveUITests.m */,
				C46B0D811FC429F5004743D9 /* Info.plist */,
			);
			path = FactObjectiveUITests;
			sourceTree = "<group>";
		};
		C46B0D8D1FC42B05004743D9 /* AppViewControllers */ = {
			isa = PBXGroup;
			children = (
				C46B0DA41FC42C9C004743D9 /* FactsListViewController.h */,
				C46B0DA51FC42C9C004743D9 /* FactsListViewController.m */,
			);
			path = AppViewControllers;
			sourceTree = "<group>";
		};
		C46B0D901FC42B05004743D9 /* AppResources */ = {
			isa = PBXGroup;
			children = (
				C46B0D911FC42B05004743D9 /* Assets.xcassets */,
				C46B0D921FC42B05004743D9 /* Info.plist */,
			);
			path = AppResources;
			sourceTree = "<group>";
		};
		C46B0D931FC42B05004743D9 /* AppViews */ = {
			isa = PBXGroup;
			children = (
			);
			path = AppViews;
			sourceTree = "<group>";
		};
		C46B0D981FC42B05004743D9 /* AppClasses */ = {
			isa = PBXGroup;
			children = (
				C46B0D991FC42B05004743D9 /* AppDelegate.h */,
				C46B0D9A1FC42B05004743D9 /* AppDelegate.m */,
				C46B0DA71FC43000004743D9 /* AppConstant.h */,
				C46B0D9B1FC42B05004743D9 /* main.m */,
			);
			path = AppClasses;
			sourceTree = "<group>";
		};
		C46B0D9C1FC42B05004743D9 /* AppModels */ = {
			isa = PBXGroup;
			children = (
			);
			path = AppModels;
			sourceTree = "<group>";
		};
/* End PBXGroup section */

/* Begin PBXNativeTarget section */
		C46B0D571FC429F5004743D9 /* FactObjective */ = {
			isa = PBXNativeTarget;
			buildConfigurationList = C46B0D841FC429F5004743D9 /* Build configuration list for PBXNativeTarget "FactObjective" */;
			buildPhases = (
				9F92FB1D5DBD6BB3CA38E611 /* [CP] Check Pods Manifest.lock */,
				C46B0D541FC429F5004743D9 /* Sources */,
				C46B0D551FC429F5004743D9 /* Frameworks */,
				C46B0D561FC429F5004743D9 /* Resources */,
				FF793B2C16E7208E708E329E /* [CP] Embed Pods Frameworks */,
				C493741026C639863C6BE934 /* [CP] Copy Pods Resources */,
			);
			buildRules = (
			);
			dependencies = (
			);
			name = FactObjective;
			productName = FactObjective;
			productReference = C46B0D581FC429F5004743D9 /* FactObjective.app */;
			productType = "com.apple.product-type.application";
		};
		C46B0D6F1FC429F5004743D9 /* FactObjectiveTests */ = {
			isa = PBXNativeTarget;
			buildConfigurationList = C46B0D871FC429F5004743D9 /* Build configuration list for PBXNativeTarget "FactObjectiveTests" */;
			buildPhases = (
				5D52D2E89247B33EC2B40C94 /* [CP] Check Pods Manifest.lock */,
				C46B0D6C1FC429F5004743D9 /* Sources */,
				C46B0D6D1FC429F5004743D9 /* Frameworks */,
				C46B0D6E1FC429F5004743D9 /* Resources */,
				FCF8B0E437C12863E6CBD85D /* [CP] Embed Pods Frameworks */,
				18563DB114AEAC5C55BF12F7 /* [CP] Copy Pods Resources */,
			);
			buildRules = (
			);
			dependencies = (
				C46B0D721FC429F5004743D9 /* PBXTargetDependency */,
			);
			name = FactObjectiveTests;
			productName = FactObjectiveTests;
			productReference = C46B0D701FC429F5004743D9 /* FactObjectiveTests.xctest */;
			productType = "com.apple.product-type.bundle.unit-test";
		};
		C46B0D7A1FC429F5004743D9 /* FactObjectiveUITests */ = {
			isa = PBXNativeTarget;
			buildConfigurationList = C46B0D8A1FC429F5004743D9 /* Build configuration list for PBXNativeTarget "FactObjectiveUITests" */;
			buildPhases = (
				11C7701DBBA1144F18AB06B1 /* [CP] Check Pods Manifest.lock */,
				C46B0D771FC429F5004743D9 /* Sources */,
				C46B0D781FC429F5004743D9 /* Frameworks */,
				C46B0D791FC429F5004743D9 /* Resources */,
				44ED0A14F95EC586B17C4A2C /* [CP] Embed Pods Frameworks */,
				421F0BAF5C757792934F3407 /* [CP] Copy Pods Resources */,
			);
			buildRules = (
			);
			dependencies = (
				C46B0D7D1FC429F5004743D9 /* PBXTargetDependency */,
			);
			name = FactObjectiveUITests;
			productName = FactObjectiveUITests;
			productReference = C46B0D7B1FC429F5004743D9 /* FactObjectiveUITests.xctest */;
			productType = "com.apple.product-type.bundle.ui-testing";
		};
/* End PBXNativeTarget section */

/* Begin PBXProject section */
		C46B0D501FC429F5004743D9 /* Project object */ = {
			isa = PBXProject;
			attributes = {
				LastUpgradeCheck = 0900;
				ORGANIZATIONNAME = "Nilesh Prajapati";
				TargetAttributes = {
					C46B0D571FC429F5004743D9 = {
						CreatedOnToolsVersion = 9.0;
						ProvisioningStyle = Manual;
					};
					C46B0D6F1FC429F5004743D9 = {
						CreatedOnToolsVersion = 9.0;
						ProvisioningStyle = Automatic;
						TestTargetID = C46B0D571FC429F5004743D9;
					};
					C46B0D7A1FC429F5004743D9 = {
						CreatedOnToolsVersion = 9.0;
						ProvisioningStyle = Automatic;
						TestTargetID = C46B0D571FC429F5004743D9;
					};
				};
			};
			buildConfigurationList = C46B0D531FC429F5004743D9 /* Build configuration list for PBXProject "FactObjective" */;
			compatibilityVersion = "Xcode 8.0";
			developmentRegion = en;
			hasScannedForEncodings = 0;
			knownRegions = (
				en,
				Base,
			);
			mainGroup = C46B0D4F1FC429F5004743D9;
			productRefGroup = C46B0D591FC429F5004743D9 /* Products */;
			projectDirPath = "";
			projectRoot = "";
			targets = (
				C46B0D571FC429F5004743D9 /* FactObjective */,
				C46B0D6F1FC429F5004743D9 /* FactObjectiveTests */,
				C46B0D7A1FC429F5004743D9 /* FactObjectiveUITests */,
			);
		};
/* End PBXProject section */

/* Begin PBXResourcesBuildPhase section */
		C46B0D561FC429F5004743D9 /* Resources */ = {
			isa = PBXResourcesBuildPhase;
			buildActionMask = 2147483647;
			files = (
				C46B0D9E1FC42B06004743D9 /* Assets.xcassets in Resources */,
			);
			runOnlyForDeploymentPostprocessing = 0;
		};
		C46B0D6E1FC429F5004743D9 /* Resources */ = {
			isa = PBXResourcesBuildPhase;
			buildActionMask = 2147483647;
			files = (
			);
			runOnlyForDeploymentPostprocessing = 0;
		};
		C46B0D791FC429F5004743D9 /* Resources */ = {
			isa = PBXResourcesBuildPhase;
			buildActionMask = 2147483647;
			files = (
			);
			runOnlyForDeploymentPostprocessing = 0;
		};
/* End PBXResourcesBuildPhase section */

/* Begin PBXShellScriptBuildPhase section */
		11C7701DBBA1144F18AB06B1 /* [CP] Check Pods Manifest.lock */ = {
			isa = PBXShellScriptBuildPhase;
			buildActionMask = 2147483647;
			files = (
			);
			inputPaths = (
				"${PODS_PODFILE_DIR_PATH}/Podfile.lock",
				"${PODS_ROOT}/Manifest.lock",
			);
			name = "[CP] Check Pods Manifest.lock";
			outputPaths = (
				"$(DERIVED_FILE_DIR)/Pods-FactObjectiveUITests-checkManifestLockResult.txt",
			);
			runOnlyForDeploymentPostprocessing = 0;
			shellPath = /bin/sh;
			shellScript = "diff \"${PODS_PODFILE_DIR_PATH}/Podfile.lock\" \"${PODS_ROOT}/Manifest.lock\" > /dev/null\nif [ $? != 0 ] ; then\n    # print error to STDERR\n    echo \"error: The sandbox is not in sync with the Podfile.lock. Run 'pod install' or update your CocoaPods installation.\" >&2\n    exit 1\nfi\n# This output is used by Xcode 'outputs' to avoid re-running this script phase.\necho \"SUCCESS\" > \"${SCRIPT_OUTPUT_FILE_0}\"\n";
			showEnvVarsInLog = 0;
		};
		18563DB114AEAC5C55BF12F7 /* [CP] Copy Pods Resources */ = {
			isa = PBXShellScriptBuildPhase;
			buildActionMask = 2147483647;
			files = (
			);
			inputPaths = (
			);
			name = "[CP] Copy Pods Resources";
			outputPaths = (
			);
			runOnlyForDeploymentPostprocessing = 0;
			shellPath = /bin/sh;
			shellScript = "\"${SRCROOT}/Pods/Target Support Files/Pods-FactObjectiveTests/Pods-FactObjectiveTests-resources.sh\"\n";
			showEnvVarsInLog = 0;
		};
		421F0BAF5C757792934F3407 /* [CP] Copy Pods Resources */ = {
			isa = PBXShellScriptBuildPhase;
			buildActionMask = 2147483647;
			files = (
			);
			inputPaths = (
			);
			name = "[CP] Copy Pods Resources";
			outputPaths = (
			);
			runOnlyForDeploymentPostprocessing = 0;
			shellPath = /bin/sh;
			shellScript = "\"${SRCROOT}/Pods/Target Support Files/Pods-FactObjectiveUITests/Pods-FactObjectiveUITests-resources.sh\"\n";
			showEnvVarsInLog = 0;
		};
		44ED0A14F95EC586B17C4A2C /* [CP] Embed Pods Frameworks */ = {
			isa = PBXShellScriptBuildPhase;
			buildActionMask = 2147483647;
			files = (
			);
			inputPaths = (
			);
			name = "[CP] Embed Pods Frameworks";
			outputPaths = (
			);
			runOnlyForDeploymentPostprocessing = 0;
			shellPath = /bin/sh;
			shellScript = "\"${SRCROOT}/Pods/Target Support Files/Pods-FactObjectiveUITests/Pods-FactObjectiveUITests-frameworks.sh\"\n";
			showEnvVarsInLog = 0;
		};
		5D52D2E89247B33EC2B40C94 /* [CP] Check Pods Manifest.lock */ = {
			isa = PBXShellScriptBuildPhase;
			buildActionMask = 2147483647;
			files = (
			);
			inputPaths = (
				"${PODS_PODFILE_DIR_PATH}/Podfile.lock",
				"${PODS_ROOT}/Manifest.lock",
			);
			name = "[CP] Check Pods Manifest.lock";
			outputPaths = (
				"$(DERIVED_FILE_DIR)/Pods-FactObjectiveTests-checkManifestLockResult.txt",
			);
			runOnlyForDeploymentPostprocessing = 0;
			shellPath = /bin/sh;
			shellScript = "diff \"${PODS_PODFILE_DIR_PATH}/Podfile.lock\" \"${PODS_ROOT}/Manifest.lock\" > /dev/null\nif [ $? != 0 ] ; then\n    # print error to STDERR\n    echo \"error: The sandbox is not in sync with the Podfile.lock. Run 'pod install' or update your CocoaPods installation.\" >&2\n    exit 1\nfi\n# This output is used by Xcode 'outputs' to avoid re-running this script phase.\necho \"SUCCESS\" > \"${SCRIPT_OUTPUT_FILE_0}\"\n";
			showEnvVarsInLog = 0;
		};
		9F92FB1D5DBD6BB3CA38E611 /* [CP] Check Pods Manifest.lock */ = {
			isa = PBXShellScriptBuildPhase;
			buildActionMask = 2147483647;
			files = (
			);
			inputPaths = (
				"${PODS_PODFILE_DIR_PATH}/Podfile.lock",
				"${PODS_ROOT}/Manifest.lock",
			);
			name = "[CP] Check Pods Manifest.lock";
			outputPaths = (
				"$(DERIVED_FILE_DIR)/Pods-FactObjective-checkManifestLockResult.txt",
			);
			runOnlyForDeploymentPostprocessing = 0;
			shellPath = /bin/sh;
			shellScript = "diff \"${PODS_PODFILE_DIR_PATH}/Podfile.lock\" \"${PODS_ROOT}/Manifest.lock\" > /dev/null\nif [ $? != 0 ] ; then\n    # print error to STDERR\n    echo \"error: The sandbox is not in sync with the Podfile.lock. Run 'pod install' or update your CocoaPods installation.\" >&2\n    exit 1\nfi\n# This output is used by Xcode 'outputs' to avoid re-running this script phase.\necho \"SUCCESS\" > \"${SCRIPT_OUTPUT_FILE_0}\"\n";
			showEnvVarsInLog = 0;
		};
		C493741026C639863C6BE934 /* [CP] Copy Pods Resources */ = {
			isa = PBXShellScriptBuildPhase;
			buildActionMask = 2147483647;
			files = (
			);
			inputPaths = (
			);
			name = "[CP] Copy Pods Resources";
			outputPaths = (
			);
			runOnlyForDeploymentPostprocessing = 0;
			shellPath = /bin/sh;
			shellScript = "\"${SRCROOT}/Pods/Target Support Files/Pods-FactObjective/Pods-FactObjective-resources.sh\"\n";
			showEnvVarsInLog = 0;
		};
		FCF8B0E437C12863E6CBD85D /* [CP] Embed Pods Frameworks */ = {
			isa = PBXShellScriptBuildPhase;
			buildActionMask = 2147483647;
			files = (
			);
			inputPaths = (
			);
			name = "[CP] Embed Pods Frameworks";
			outputPaths = (
			);
			runOnlyForDeploymentPostprocessing = 0;
			shellPath = /bin/sh;
			shellScript = "\"${SRCROOT}/Pods/Target Support Files/Pods-FactObjectiveTests/Pods-FactObjectiveTests-frameworks.sh\"\n";
			showEnvVarsInLog = 0;
		};
		FF793B2C16E7208E708E329E /* [CP] Embed Pods Frameworks */ = {
			isa = PBXShellScriptBuildPhase;
			buildActionMask = 2147483647;
			files = (
			);
			inputPaths = (
			);
			name = "[CP] Embed Pods Frameworks";
			outputPaths = (
			);
			runOnlyForDeploymentPostprocessing = 0;
			shellPath = /bin/sh;
			shellScript = "\"${SRCROOT}/Pods/Target Support Files/Pods-FactObjective/Pods-FactObjective-frameworks.sh\"\n";
			showEnvVarsInLog = 0;
		};
/* End PBXShellScriptBuildPhase section */

/* Begin PBXSourcesBuildPhase section */
		C46B0D541FC429F5004743D9 /* Sources */ = {
			isa = PBXSourcesBuildPhase;
			buildActionMask = 2147483647;
			files = (
				C42612A41FC458B500C6D2CE /* NSString+Additions.m in Sources */,
				C46B0DA61FC42C9C004743D9 /* FactsListViewController.m in Sources */,
				C46B0DA21FC42B06004743D9 /* AppDelegate.m in Sources */,
				C46B0DA31FC42B06004743D9 /* main.m in Sources */,
			);
			runOnlyForDeploymentPostprocessing = 0;
		};
		C46B0D6C1FC429F5004743D9 /* Sources */ = {
			isa = PBXSourcesBuildPhase;
			buildActionMask = 2147483647;
			files = (
				C46B0D751FC429F5004743D9 /* FactObjectiveTests.m in Sources */,
			);
			runOnlyForDeploymentPostprocessing = 0;
		};
		C46B0D771FC429F5004743D9 /* Sources */ = {
			isa = PBXSourcesBuildPhase;
			buildActionMask = 2147483647;
			files = (
				C46B0D801FC429F5004743D9 /* FactObjectiveUITests.m in Sources */,
			);
			runOnlyForDeploymentPostprocessing = 0;
		};
/* End PBXSourcesBuildPhase section */

/* Begin PBXTargetDependency section */
		C46B0D721FC429F5004743D9 /* PBXTargetDependency */ = {
			isa = PBXTargetDependency;
			target = C46B0D571FC429F5004743D9 /* FactObjective */;
			targetProxy = C46B0D711FC429F5004743D9 /* PBXContainerItemProxy */;
		};
		C46B0D7D1FC429F5004743D9 /* PBXTargetDependency */ = {
			isa = PBXTargetDependency;
			target = C46B0D571FC429F5004743D9 /* FactObjective */;
			targetProxy = C46B0D7C1FC429F5004743D9 /* PBXContainerItemProxy */;
		};
/* End PBXTargetDependency section */

/* Begin XCBuildConfiguration section */
		C46B0D821FC429F5004743D9 /* Debug */ = {
			isa = XCBuildConfiguration;
			buildSettings = {
				ALWAYS_SEARCH_USER_PATHS = NO;
				CLANG_ANALYZER_NONNULL = YES;
				CLANG_ANALYZER_NUMBER_OBJECT_CONVERSION = YES_AGGRESSIVE;
				CLANG_CXX_LANGUAGE_STANDARD = "gnu++14";
				CLANG_CXX_LIBRARY = "libc++";
				CLANG_ENABLE_MODULES = YES;
				CLANG_ENABLE_OBJC_ARC = YES;
				CLANG_WARN_BLOCK_CAPTURE_AUTORELEASING = YES;
				CLANG_WARN_BOOL_CONVERSION = YES;
				CLANG_WARN_COMMA = YES;
				CLANG_WARN_CONSTANT_CONVERSION = YES;
				CLANG_WARN_DIRECT_OBJC_ISA_USAGE = YES_ERROR;
				CLANG_WARN_DOCUMENTATION_COMMENTS = YES;
				CLANG_WARN_EMPTY_BODY = YES;
				CLANG_WARN_ENUM_CONVERSION = YES;
				CLANG_WARN_INFINITE_RECURSION = YES;
				CLANG_WARN_INT_CONVERSION = YES;
				CLANG_WARN_NON_LITERAL_NULL_CONVERSION = YES;
				CLANG_WARN_OBJC_LITERAL_CONVERSION = YES;
				CLANG_WARN_OBJC_ROOT_CLASS = YES_ERROR;
				CLANG_WARN_RANGE_LOOP_ANALYSIS = YES;
				CLANG_WARN_STRICT_PROTOTYPES = YES;
				CLANG_WARN_SUSPICIOUS_MOVE = YES;
				CLANG_WARN_UNGUARDED_AVAILABILITY = YES_AGGRESSIVE;
				CLANG_WARN_UNREACHABLE_CODE = YES;
				CLANG_WARN__DUPLICATE_METHOD_MATCH = YES;
				CODE_SIGN_IDENTITY = "iPhone Developer";
				COPY_PHASE_STRIP = NO;
				DEBUG_INFORMATION_FORMAT = dwarf;
				ENABLE_STRICT_OBJC_MSGSEND = YES;
				ENABLE_TESTABILITY = YES;
				GCC_C_LANGUAGE_STANDARD = gnu11;
				GCC_DYNAMIC_NO_PIC = NO;
				GCC_NO_COMMON_BLOCKS = YES;
				GCC_OPTIMIZATION_LEVEL = 0;
				GCC_PREPROCESSOR_DEFINITIONS = (
					"DEBUG=1",
					"$(inherited)",
				);
				GCC_TREAT_WARNINGS_AS_ERRORS = YES;
				GCC_WARN_64_TO_32_BIT_CONVERSION = YES;
				GCC_WARN_ABOUT_RETURN_TYPE = YES_ERROR;
				GCC_WARN_UNDECLARED_SELECTOR = YES;
				GCC_WARN_UNINITIALIZED_AUTOS = YES_AGGRESSIVE;
				GCC_WARN_UNUSED_FUNCTION = YES;
				GCC_WARN_UNUSED_VARIABLE = YES;
				INFOPLIST_FILE = "$(SRCROOT)/FactObjective/AppResources/Info.plist";
				IPHONEOS_DEPLOYMENT_TARGET = 8.0;
				MTL_ENABLE_DEBUG_INFO = YES;
				ONLY_ACTIVE_ARCH = YES;
				OTHER_LDFLAGS = "";
				SDKROOT = iphoneos;
			};
			name = Debug;
		};
		C46B0D831FC429F5004743D9 /* Release */ = {
			isa = XCBuildConfiguration;
			buildSettings = {
				ALWAYS_SEARCH_USER_PATHS = NO;
				CLANG_ANALYZER_NONNULL = YES;
				CLANG_ANALYZER_NUMBER_OBJECT_CONVERSION = YES_AGGRESSIVE;
				CLANG_CXX_LANGUAGE_STANDARD = "gnu++14";
				CLANG_CXX_LIBRARY = "libc++";
				CLANG_ENABLE_MODULES = YES;
				CLANG_ENABLE_OBJC_ARC = YES;
				CLANG_WARN_BLOCK_CAPTURE_AUTORELEASING = YES;
				CLANG_WARN_BOOL_CONVERSION = YES;
				CLANG_WARN_COMMA = YES;
				CLANG_WARN_CONSTANT_CONVERSION = YES;
				CLANG_WARN_DIRECT_OBJC_ISA_USAGE = YES_ERROR;
				CLANG_WARN_DOCUMENTATION_COMMENTS = YES;
				CLANG_WARN_EMPTY_BODY = YES;
				CLANG_WARN_ENUM_CONVERSION = YES;
				CLANG_WARN_INFINITE_RECURSION = YES;
				CLANG_WARN_INT_CONVERSION = YES;
				CLANG_WARN_NON_LITERAL_NULL_CONVERSION = YES;
				CLANG_WARN_OBJC_LITERAL_CONVERSION = YES;
				CLANG_WARN_OBJC_ROOT_CLASS = YES_ERROR;
				CLANG_WARN_RANGE_LOOP_ANALYSIS = YES;
				CLANG_WARN_STRICT_PROTOTYPES = YES;
				CLANG_WARN_SUSPICIOUS_MOVE = YES;
				CLANG_WARN_UNGUARDED_AVAILABILITY = YES_AGGRESSIVE;
				CLANG_WARN_UNREACHABLE_CODE = YES;
				CLANG_WARN__DUPLICATE_METHOD_MATCH = YES;
				CODE_SIGN_IDENTITY = "iPhone Developer";
				COPY_PHASE_STRIP = NO;
				DEBUG_INFORMATION_FORMAT = "dwarf-with-dsym";
				ENABLE_NS_ASSERTIONS = NO;
				ENABLE_STRICT_OBJC_MSGSEND = YES;
				GCC_C_LANGUAGE_STANDARD = gnu11;
				GCC_NO_COMMON_BLOCKS = YES;
				GCC_TREAT_WARNINGS_AS_ERRORS = YES;
				GCC_WARN_64_TO_32_BIT_CONVERSION = YES;
				GCC_WARN_ABOUT_RETURN_TYPE = YES_ERROR;
				GCC_WARN_UNDECLARED_SELECTOR = YES;
				GCC_WARN_UNINITIALIZED_AUTOS = YES_AGGRESSIVE;
				GCC_WARN_UNUSED_FUNCTION = YES;
				GCC_WARN_UNUSED_VARIABLE = YES;
				INFOPLIST_FILE = "$(SRCROOT)/FactObjective/AppResources/Info.plist";
				IPHONEOS_DEPLOYMENT_TARGET = 8.0;
				MTL_ENABLE_DEBUG_INFO = NO;
				OTHER_LDFLAGS = "";
				SDKROOT = iphoneos;
				VALIDATE_PRODUCT = YES;
			};
			name = Release;
		};
		C46B0D851FC429F5004743D9 /* Debug */ = {
			isa = XCBuildConfiguration;
			baseConfigurationReference = 5F040BD94529258346E66B47 /* Pods-FactObjective.debug.xcconfig */;
			buildSettings = {
				ASSETCATALOG_COMPILER_APPICON_NAME = AppIcon;
				ASSETCATALOG_COMPILER_LAUNCHIMAGE_NAME = LaunchImage;
				CODE_SIGN_STYLE = Manual;
				DEVELOPMENT_TEAM = "";
				INFOPLIST_FILE = "$(SRCROOT)/FactObjective/AppResources/Info.plist";
				IPHONEOS_DEPLOYMENT_TARGET = 8.0;
				LD_RUNPATH_SEARCH_PATHS = "$(inherited) @executable_path/Frameworks";
				ONLY_ACTIVE_ARCH = YES;
				OTHER_LDFLAGS = (
					"$(inherited)",
					"-ObjC",
					"-l\"SDWebImage\"",
					"-framework",
					"\"ImageIO\"",
				);
				PRODUCT_BUNDLE_IDENTIFIER = com.info.FactObjective;
				PRODUCT_NAME = "$(TARGET_NAME)";
				PROVISIONING_PROFILE_SPECIFIER = "";
				TARGETED_DEVICE_FAMILY = "1,2";
			};
			name = Debug;
		};
		C46B0D861FC429F5004743D9 /* Release */ = {
			isa = XCBuildConfiguration;
			baseConfigurationReference = 63998DCC47F6DC1226966E34 /* Pods-FactObjective.release.xcconfig */;
			buildSettings = {
				ASSETCATALOG_COMPILER_APPICON_NAME = AppIcon;
				ASSETCATALOG_COMPILER_LAUNCHIMAGE_NAME = LaunchImage;
				CODE_SIGN_STYLE = Manual;
				DEVELOPMENT_TEAM = "";
				INFOPLIST_FILE = "$(SRCROOT)/FactObjective/AppResources/Info.plist";
				IPHONEOS_DEPLOYMENT_TARGET = 8.0;
				LD_RUNPATH_SEARCH_PATHS = "$(inherited) @executable_path/Frameworks";
				ONLY_ACTIVE_ARCH = NO;
				OTHER_LDFLAGS = (
					"$(inherited)",
					"-ObjC",
					"-l\"SDWebImage\"",
					"-framework",
					"\"ImageIO\"",
				);
				PRODUCT_BUNDLE_IDENTIFIER = com.info.FactObjective;
				PRODUCT_NAME = "$(TARGET_NAME)";
				PROVISIONING_PROFILE_SPECIFIER = "";
				TARGETED_DEVICE_FAMILY = "1,2";
			};
			name = Release;
		};
		C46B0D881FC429F5004743D9 /* Debug */ = {
			isa = XCBuildConfiguration;
			baseConfigurationReference = BDB4C171B902A16D38A41944 /* Pods-FactObjectiveTests.debug.xcconfig */;
			buildSettings = {
				BUNDLE_LOADER = "$(TEST_HOST)";
				CODE_SIGN_STYLE = Automatic;
				INFOPLIST_FILE = FactObjectiveTests/Info.plist;
				LD_RUNPATH_SEARCH_PATHS = "$(inherited) @executable_path/Frameworks @loader_path/Frameworks";
				PRODUCT_BUNDLE_IDENTIFIER = com.info.FactObjectiveTests;
				PRODUCT_NAME = "$(TARGET_NAME)";
				TARGETED_DEVICE_FAMILY = "1,2";
				TEST_HOST = "$(BUILT_PRODUCTS_DIR)/FactObjective.app/FactObjective";
			};
			name = Debug;
		};
		C46B0D891FC429F5004743D9 /* Release */ = {
			isa = XCBuildConfiguration;
			baseConfigurationReference = A7B554B5D0ADD326DAB2C293 /* Pods-FactObjectiveTests.release.xcconfig */;
			buildSettings = {
				BUNDLE_LOADER = "$(TEST_HOST)";
				CODE_SIGN_STYLE = Automatic;
				INFOPLIST_FILE = FactObjectiveTests/Info.plist;
				LD_RUNPATH_SEARCH_PATHS = "$(inherited) @executable_path/Frameworks @loader_path/Frameworks";
				PRODUCT_BUNDLE_IDENTIFIER = com.info.FactObjectiveTests;
				PRODUCT_NAME = "$(TARGET_NAME)";
				TARGETED_DEVICE_FAMILY = "1,2";
				TEST_HOST = "$(BUILT_PRODUCTS_DIR)/FactObjective.app/FactObjective";
			};
			name = Release;
		};
		C46B0D8B1FC429F5004743D9 /* Debug */ = {
			isa = XCBuildConfiguration;
			baseConfigurationReference = 298A18142E0774767DA2F8D7 /* Pods-FactObjectiveUITests.debug.xcconfig */;
			buildSettings = {
				CODE_SIGN_STYLE = Automatic;
				INFOPLIST_FILE = FactObjectiveUITests/Info.plist;
				LD_RUNPATH_SEARCH_PATHS = "$(inherited) @executable_path/Frameworks @loader_path/Frameworks";
				PRODUCT_BUNDLE_IDENTIFIER = com.info.FactObjectiveUITests;
				PRODUCT_NAME = "$(TARGET_NAME)";
				TARGETED_DEVICE_FAMILY = "1,2";
				TEST_TARGET_NAME = FactObjective;
			};
			name = Debug;
		};
		C46B0D8C1FC429F5004743D9 /* Release */ = {
			isa = XCBuildConfiguration;
			baseConfigurationReference = EED665203FFAA5FE70E777FB /* Pods-FactObjectiveUITests.release.xcconfig */;
			buildSettings = {
				CODE_SIGN_STYLE = Automatic;
				INFOPLIST_FILE = FactObjectiveUITests/Info.plist;
				LD_RUNPATH_SEARCH_PATHS = "$(inherited) @executable_path/Frameworks @loader_path/Frameworks";
				PRODUCT_BUNDLE_IDENTIFIER = com.info.FactObjectiveUITests;
				PRODUCT_NAME = "$(TARGET_NAME)";
				TARGETED_DEVICE_FAMILY = "1,2";
				TEST_TARGET_NAME = FactObjective;
			};
			name = Release;
		};
/* End XCBuildConfiguration section */

/* Begin XCConfigurationList section */
		C46B0D531FC429F5004743D9 /* Build configuration list for PBXProject "FactObjective" */ = {
			isa = XCConfigurationList;
			buildConfigurations = (
				C46B0D821FC429F5004743D9 /* Debug */,
				C46B0D831FC429F5004743D9 /* Release */,
			);
			defaultConfigurationIsVisible = 0;
			defaultConfigurationName = Release;
		};
		C46B0D841FC429F5004743D9 /* Build configuration list for PBXNativeTarget "FactObjective" */ = {
			isa = XCConfigurationList;
			buildConfigurations = (
				C46B0D851FC429F5004743D9 /* Debug */,
				C46B0D861FC429F5004743D9 /* Release */,
			);
			defaultConfigurationIsVisible = 0;
			defaultConfigurationName = Release;
		};
		C46B0D871FC429F5004743D9 /* Build configuration list for PBXNativeTarget "FactObjectiveTests" */ = {
			isa = XCConfigurationList;
			buildConfigurations = (
				C46B0D881FC429F5004743D9 /* Debug */,
				C46B0D891FC429F5004743D9 /* Release */,
			);
			defaultConfigurationIsVisible = 0;
			defaultConfigurationName = Release;
		};
		C46B0D8A1FC429F5004743D9 /* Build configuration list for PBXNativeTarget "FactObjectiveUITests" */ = {
			isa = XCConfigurationList;
			buildConfigurations = (
				C46B0D8B1FC429F5004743D9 /* Debug */,
				C46B0D8C1FC429F5004743D9 /* Release */,
			);
			defaultConfigurationIsVisible = 0;
			defaultConfigurationName = Release;
		};
/* End XCConfigurationList section */
	};
	rootObject = C46B0D501FC429F5004743D9 /* Project object */;
}
